// !$*UTF8*$!
{
	archiveVersion = 1;
	classes = {
	};
	objectVersion = 56;
	objects = {

/* Begin PBXBuildFile section */
		D57BA0B229D8B5CE00B4A6DA /* BullseyeGameApp.swift in Sources */ = {isa = PBXBuildFile; fileRef = D57BA0B129D8B5CE00B4A6DA /* BullseyeGameApp.swift */; };
		D57BA0B429D8B5CE00B4A6DA /* ContentView.swift in Sources */ = {isa = PBXBuildFile; fileRef = D57BA0B329D8B5CE00B4A6DA /* ContentView.swift */; };
		D57BA0B629D8B5CE00B4A6DA /* Assets.xcassets in Resources */ = {isa = PBXBuildFile; fileRef = D57BA0B529D8B5CE00B4A6DA /* Assets.xcassets */; };
		D57BA0B929D8B5CE00B4A6DA /* Preview Assets.xcassets in Resources */ = {isa = PBXBuildFile; fileRef = D57BA0B829D8B5CE00B4A6DA /* Preview Assets.xcassets */; };
		D57BA0C329D8B5CF00B4A6DA /* BullseyeGameTests.swift in Sources */ = {isa = PBXBuildFile; fileRef = D57BA0C229D8B5CF00B4A6DA /* BullseyeGameTests.swift */; };
		D57BA0CD29D8B5CF00B4A6DA /* BullseyeGameUITests.swift in Sources */ = {isa = PBXBuildFile; fileRef = D57BA0CC29D8B5CF00B4A6DA /* BullseyeGameUITests.swift */; };
		D57BA0CF29D8B5CF00B4A6DA /* BullseyeGameUITestsLaunchTests.swift in Sources */ = {isa = PBXBuildFile; fileRef = D57BA0CE29D8B5CF00B4A6DA /* BullseyeGameUITestsLaunchTests.swift */; };
		D57BA0DF29D8BA6700B4A6DA /* Game.swift in Sources */ = {isa = PBXBuildFile; fileRef = D57BA0DE29D8BA6700B4A6DA /* Game.swift */; };
		D57BA0E129D8BA7600B4A6DA /* Constants.swift in Sources */ = {isa = PBXBuildFile; fileRef = D57BA0E029D8BA7600B4A6DA /* Constants.swift */; };
		D57BA0E329D8BB1C00B4A6DA /* TextView.swift in Sources */ = {isa = PBXBuildFile; fileRef = D57BA0E229D8BB1C00B4A6DA /* TextView.swift */; };
		D57BA0E529D8BB2C00B4A6DA /* RoundViews.swift in Sources */ = {isa = PBXBuildFile; fileRef = D57BA0E429D8BB2C00B4A6DA /* RoundViews.swift */; };
		D57BA0E729D8BB3F00B4A6DA /* BackgroundView.swift in Sources */ = {isa = PBXBuildFile; fileRef = D57BA0E629D8BB3F00B4A6DA /* BackgroundView.swift */; };
		D57BA0E929D8BB4F00B4A6DA /* PointsView.swift in Sources */ = {isa = PBXBuildFile; fileRef = D57BA0E829D8BB4F00B4A6DA /* PointsView.swift */; };
		D57BA0EB29D8BB6500B4A6DA /* LeaderboardView.swift in Sources */ = {isa = PBXBuildFile; fileRef = D57BA0EA29D8BB6500B4A6DA /* LeaderboardView.swift */; };
/* End PBXBuildFile section */

/* Begin PBXContainerItemProxy section */
		D57BA0BF29D8B5CF00B4A6DA /* PBXContainerItemProxy */ = {
			isa = PBXContainerItemProxy;
			containerPortal = D57BA0A629D8B5CE00B4A6DA /* Project object */;
			proxyType = 1;
			remoteGlobalIDString = D57BA0AD29D8B5CE00B4A6DA;
			remoteInfo = BullseyeGame;
		};
		D57BA0C929D8B5CF00B4A6DA /* PBXContainerItemProxy */ = {
			isa = PBXContainerItemProxy;
			containerPortal = D57BA0A629D8B5CE00B4A6DA /* Project object */;
			proxyType = 1;
			remoteGlobalIDString = D57BA0AD29D8B5CE00B4A6DA;
			remoteInfo = BullseyeGame;
		};
/* End PBXContainerItemProxy section */

/* Begin PBXFileReference section */
		D57BA0AE29D8B5CE00B4A6DA /* BullseyeGame.app */ = {isa = PBXFileReference; explicitFileType = wrapper.application; includeInIndex = 0; path = BullseyeGame.app; sourceTree = BUILT_PRODUCTS_DIR; };
		D57BA0B129D8B5CE00B4A6DA /* BullseyeGameApp.swift */ = {isa = PBXFileReference; lastKnownFileType = sourcecode.swift; path = BullseyeGameApp.swift; sourceTree = "<group>"; };
		D57BA0B329D8B5CE00B4A6DA /* ContentView.swift */ = {isa = PBXFileReference; lastKnownFileType = sourcecode.swift; path = ContentView.swift; sourceTree = "<group>"; };
		D57BA0B529D8B5CE00B4A6DA /* Assets.xcassets */ = {isa = PBXFileReference; lastKnownFileType = folder.assetcatalog; path = Assets.xcassets; sourceTree = "<group>"; };
		D57BA0B829D8B5CE00B4A6DA /* Preview Assets.xcassets */ = {isa = PBXFileReference; lastKnownFileType = folder.assetcatalog; path = "Preview Assets.xcassets"; sourceTree = "<group>"; };
		D57BA0BE29D8B5CF00B4A6DA /* BullseyeGameTests.xctest */ = {isa = PBXFileReference; explicitFileType = wrapper.cfbundle; includeInIndex = 0; path = BullseyeGameTests.xctest; sourceTree = BUILT_PRODUCTS_DIR; };
		D57BA0C229D8B5CF00B4A6DA /* BullseyeGameTests.swift */ = {isa = PBXFileReference; lastKnownFileType = sourcecode.swift; path = BullseyeGameTests.swift; sourceTree = "<group>"; };
		D57BA0C829D8B5CF00B4A6DA /* BullseyeGameUITests.xctest */ = {isa = PBXFileReference; explicitFileType = wrapper.cfbundle; includeInIndex = 0; path = BullseyeGameUITests.xctest; sourceTree = BUILT_PRODUCTS_DIR; };
		D57BA0CC29D8B5CF00B4A6DA /* BullseyeGameUITests.swift */ = {isa = PBXFileReference; lastKnownFileType = sourcecode.swift; path = BullseyeGameUITests.swift; sourceTree = "<group>"; };
		D57BA0CE29D8B5CF00B4A6DA /* BullseyeGameUITestsLaunchTests.swift */ = {isa = PBXFileReference; lastKnownFileType = sourcecode.swift; path = BullseyeGameUITestsLaunchTests.swift; sourceTree = "<group>"; };
		D57BA0DE29D8BA6700B4A6DA /* Game.swift */ = {isa = PBXFileReference; lastKnownFileType = sourcecode.swift; path = Game.swift; sourceTree = "<group>"; };
		D57BA0E029D8BA7600B4A6DA /* Constants.swift */ = {isa = PBXFileReference; lastKnownFileType = sourcecode.swift; path = Constants.swift; sourceTree = "<group>"; };
		D57BA0E229D8BB1C00B4A6DA /* TextView.swift */ = {isa = PBXFileReference; lastKnownFileType = sourcecode.swift; path = TextView.swift; sourceTree = "<group>"; };
		D57BA0E429D8BB2C00B4A6DA /* RoundViews.swift */ = {isa = PBXFileReference; lastKnownFileType = sourcecode.swift; path = RoundViews.swift; sourceTree = "<group>"; };
		D57BA0E629D8BB3F00B4A6DA /* BackgroundView.swift */ = {isa = PBXFileReference; lastKnownFileType = sourcecode.swift; path = BackgroundView.swift; sourceTree = "<group>"; };
		D57BA0E829D8BB4F00B4A6DA /* PointsView.swift */ = {isa = PBXFileReference; lastKnownFileType = sourcecode.swift; path = PointsView.swift; sourceTree = "<group>"; };
		D57BA0EA29D8BB6500B4A6DA /* LeaderboardView.swift */ = {isa = PBXFileReference; lastKnownFileType = sourcecode.swift; path = LeaderboardView.swift; sourceTree = "<group>"; };
/* End PBXFileReference section */

/* Begin PBXFrameworksBuildPhase section */
		D57BA0AB29D8B5CE00B4A6DA /* Frameworks */ = {
			isa = PBXFrameworksBuildPhase;
			buildActionMask = 2147483647;
			files = (
			);
			runOnlyForDeploymentPostprocessing = 0;
		};
		D57BA0BB29D8B5CF00B4A6DA /* Frameworks */ = {
			isa = PBXFrameworksBuildPhase;
			buildActionMask = 2147483647;
			files = (
			);
			runOnlyForDeploymentPostprocessing = 0;
		};
		D57BA0C529D8B5CF00B4A6DA /* Frameworks */ = {
			isa = PBXFrameworksBuildPhase;
			buildActionMask = 2147483647;
			files = (
			);
			runOnlyForDeploymentPostprocessing = 0;
		};
/* End PBXFrameworksBuildPhase section */

/* Begin PBXGroup section */
		D57BA0A529D8B5CE00B4A6DA = {
			isa = PBXGroup;
			children = (
				D57BA0B029D8B5CE00B4A6DA /* BullseyeGame */,
				D57BA0C129D8B5CF00B4A6DA /* BullseyeGameTests */,
				D57BA0CB29D8B5CF00B4A6DA /* BullseyeGameUITests */,
				D57BA0AF29D8B5CE00B4A6DA /* Products */,
			);
			sourceTree = "<group>";
		};
		D57BA0AF29D8B5CE00B4A6DA /* Products */ = {
			isa = PBXGroup;
			children = (
				D57BA0AE29D8B5CE00B4A6DA /* BullseyeGame.app */,
				D57BA0BE29D8B5CF00B4A6DA /* BullseyeGameTests.xctest */,
				D57BA0C829D8B5CF00B4A6DA /* BullseyeGameUITests.xctest */,
			);
			name = Products;
			sourceTree = "<group>";
		};
		D57BA0B029D8B5CE00B4A6DA /* BullseyeGame */ = {
			isa = PBXGroup;
			children = (
				D57BA0DD29D8B8D900B4A6DA /* Models */,
				D57BA0DC29D8B8CE00B4A6DA /* Views */,
				D57BA0DB29D8B8C300B4A6DA /* App */,
				D57BA0B729D8B5CE00B4A6DA /* Preview Content */,
			);
			path = BullseyeGame;
			sourceTree = "<group>";
		};
		D57BA0B729D8B5CE00B4A6DA /* Preview Content */ = {
			isa = PBXGroup;
			children = (
				D57BA0B829D8B5CE00B4A6DA /* Preview Assets.xcassets */,
			);
			path = "Preview Content";
			sourceTree = "<group>";
		};
		D57BA0C129D8B5CF00B4A6DA /* BullseyeGameTests */ = {
			isa = PBXGroup;
			children = (
				D57BA0C229D8B5CF00B4A6DA /* BullseyeGameTests.swift */,
			);
			path = BullseyeGameTests;
			sourceTree = "<group>";
		};
		D57BA0CB29D8B5CF00B4A6DA /* BullseyeGameUITests */ = {
			isa = PBXGroup;
			children = (
				D57BA0CC29D8B5CF00B4A6DA /* BullseyeGameUITests.swift */,
				D57BA0CE29D8B5CF00B4A6DA /* BullseyeGameUITestsLaunchTests.swift */,
			);
			path = BullseyeGameUITests;
			sourceTree = "<group>";
		};
		D57BA0DB29D8B8C300B4A6DA /* App */ = {
			isa = PBXGroup;
			children = (
				D57BA0B129D8B5CE00B4A6DA /* BullseyeGameApp.swift */,
				D57BA0B529D8B5CE00B4A6DA /* Assets.xcassets */,
			);
			path = App;
			sourceTree = "<group>";
		};
		D57BA0DC29D8B8CE00B4A6DA /* Views */ = {
			isa = PBXGroup;
			children = (
				D57BA0B329D8B5CE00B4A6DA /* ContentView.swift */,
				D57BA0E229D8BB1C00B4A6DA /* TextView.swift */,
				D57BA0E429D8BB2C00B4A6DA /* RoundViews.swift */,
				D57BA0E629D8BB3F00B4A6DA /* BackgroundView.swift */,
				D57BA0E829D8BB4F00B4A6DA /* PointsView.swift */,
				D57BA0EA29D8BB6500B4A6DA /* LeaderboardView.swift */,
			);
			path = Views;
			sourceTree = "<group>";
		};
		D57BA0DD29D8B8D900B4A6DA /* Models */ = {
			isa = PBXGroup;
			children = (
				D57BA0DE29D8BA6700B4A6DA /* Game.swift */,
				D57BA0E029D8BA7600B4A6DA /* Constants.swift */,
			);
			path = Models;
			sourceTree = "<group>";
		};
/* End PBXGroup section */

/* Begin PBXNativeTarget section */
		D57BA0AD29D8B5CE00B4A6DA /* BullseyeGame */ = {
			isa = PBXNativeTarget;
			buildConfigurationList = D57BA0D229D8B5CF00B4A6DA /* Build configuration list for PBXNativeTarget "BullseyeGame" */;
			buildPhases = (
				D57BA0AA29D8B5CE00B4A6DA /* Sources */,
				D57BA0AB29D8B5CE00B4A6DA /* Frameworks */,
				D57BA0AC29D8B5CE00B4A6DA /* Resources */,
			);
			buildRules = (
			);
			dependencies = (
			);
			name = BullseyeGame;
			productName = BullseyeGame;
			productReference = D57BA0AE29D8B5CE00B4A6DA /* BullseyeGame.app */;
			productType = "com.apple.product-type.application";
		};
		D57BA0BD29D8B5CF00B4A6DA /* BullseyeGameTests */ = {
			isa = PBXNativeTarget;
			buildConfigurationList = D57BA0D529D8B5CF00B4A6DA /* Build configuration list for PBXNativeTarget "BullseyeGameTests" */;
			buildPhases = (
				D57BA0BA29D8B5CF00B4A6DA /* Sources */,
				D57BA0BB29D8B5CF00B4A6DA /* Frameworks */,
				D57BA0BC29D8B5CF00B4A6DA /* Resources */,
			);
			buildRules = (
			);
			dependencies = (
				D57BA0C029D8B5CF00B4A6DA /* PBXTargetDependency */,
			);
			name = BullseyeGameTests;
			productName = BullseyeGameTests;
			productReference = D57BA0BE29D8B5CF00B4A6DA /* BullseyeGameTests.xctest */;
			productType = "com.apple.product-type.bundle.unit-test";
		};
		D57BA0C729D8B5CF00B4A6DA /* BullseyeGameUITests */ = {
			isa = PBXNativeTarget;
			buildConfigurationList = D57BA0D829D8B5CF00B4A6DA /* Build configuration list for PBXNativeTarget "BullseyeGameUITests" */;
			buildPhases = (
				D57BA0C429D8B5CF00B4A6DA /* Sources */,
				D57BA0C529D8B5CF00B4A6DA /* Frameworks */,
				D57BA0C629D8B5CF00B4A6DA /* Resources */,
			);
			buildRules = (
			);
			dependencies = (
				D57BA0CA29D8B5CF00B4A6DA /* PBXTargetDependency */,
			);
			name = BullseyeGameUITests;
			productName = BullseyeGameUITests;
			productReference = D57BA0C829D8B5CF00B4A6DA /* BullseyeGameUITests.xctest */;
			productType = "com.apple.product-type.bundle.ui-testing";
		};
/* End PBXNativeTarget section */

/* Begin PBXProject section */
		D57BA0A629D8B5CE00B4A6DA /* Project object */ = {
			isa = PBXProject;
			attributes = {
				BuildIndependentTargetsInParallel = 1;
				LastSwiftUpdateCheck = 1420;
				LastUpgradeCheck = 1420;
				TargetAttributes = {
					D57BA0AD29D8B5CE00B4A6DA = {
						CreatedOnToolsVersion = 14.2;
					};
					D57BA0BD29D8B5CF00B4A6DA = {
						CreatedOnToolsVersion = 14.2;
						TestTargetID = D57BA0AD29D8B5CE00B4A6DA;
					};
					D57BA0C729D8B5CF00B4A6DA = {
						CreatedOnToolsVersion = 14.2;
						TestTargetID = D57BA0AD29D8B5CE00B4A6DA;
					};
				};
			};
			buildConfigurationList = D57BA0A929D8B5CE00B4A6DA /* Build configuration list for PBXProject "BullseyeGame" */;
			compatibilityVersion = "Xcode 14.0";
			developmentRegion = en;
			hasScannedForEncodings = 0;
			knownRegions = (
				en,
				Base,
			);
			mainGroup = D57BA0A529D8B5CE00B4A6DA;
			productRefGroup = D57BA0AF29D8B5CE00B4A6DA /* Products */;
			projectDirPath = "";
			projectRoot = "";
			targets = (
				D57BA0AD29D8B5CE00B4A6DA /* BullseyeGame */,
				D57BA0BD29D8B5CF00B4A6DA /* BullseyeGameTests */,
				D57BA0C729D8B5CF00B4A6DA /* BullseyeGameUITests */,
			);
		};
/* End PBXProject section */

/* Begin PBXResourcesBuildPhase section */
		D57BA0AC29D8B5CE00B4A6DA /* Resources */ = {
			isa = PBXResourcesBuildPhase;
			buildActionMask = 2147483647;
			files = (
				D57BA0B929D8B5CE00B4A6DA /* Preview Assets.xcassets in Resources */,
				D57BA0B629D8B5CE00B4A6DA /* Assets.xcassets in Resources */,
			);
			runOnlyForDeploymentPostprocessing = 0;
		};
		D57BA0BC29D8B5CF00B4A6DA /* Resources */ = {
			isa = PBXResourcesBuildPhase;
			buildActionMask = 2147483647;
			files = (
			);
			runOnlyForDeploymentPostprocessing = 0;
		};
		D57BA0C629D8B5CF00B4A6DA /* Resources */ = {
			isa = PBXResourcesBuildPhase;
			buildActionMask = 2147483647;
			files = (
			);
			runOnlyForDeploymentPostprocessing = 0;
		};
/* End PBXResourcesBuildPhase section */

/* Begin PBXSourcesBuildPhase section */
		D57BA0AA29D8B5CE00B4A6DA /* Sources */ = {
			isa = PBXSourcesBuildPhase;
			buildActionMask = 2147483647;
			files = (
				D57BA0B429D8B5CE00B4A6DA /* ContentView.swift in Sources */,
				D57BA0DF29D8BA6700B4A6DA /* Game.swift in Sources */,
				D57BA0B229D8B5CE00B4A6DA /* BullseyeGameApp.swift in Sources */,
				D57BA0E929D8BB4F00B4A6DA /* PointsView.swift in Sources */,
				D57BA0EB29D8BB6500B4A6DA /* LeaderboardView.swift in Sources */,
				D57BA0E729D8BB3F00B4A6DA /* BackgroundView.swift in Sources */,
				D57BA0E129D8BA7600B4A6DA /* Constants.swift in Sources */,
				D57BA0E329D8BB1C00B4A6DA /* TextView.swift in Sources */,
				D57BA0E529D8BB2C00B4A6DA /* RoundViews.swift in Sources */,
			);
			runOnlyForDeploymentPostprocessing = 0;
		};
		D57BA0BA29D8B5CF00B4A6DA /* Sources */ = {
			isa = PBXSourcesBuildPhase;
			buildActionMask = 2147483647;
			files = (
				D57BA0C329D8B5CF00B4A6DA /* BullseyeGameTests.swift in Sources */,
			);
			runOnlyForDeploymentPostprocessing = 0;
		};
		D57BA0C429D8B5CF00B4A6DA /* Sources */ = {
			isa = PBXSourcesBuildPhase;
			buildActionMask = 2147483647;
			files = (
				D57BA0CD29D8B5CF00B4A6DA /* BullseyeGameUITests.swift in Sources */,
				D57BA0CF29D8B5CF00B4A6DA /* BullseyeGameUITestsLaunchTests.swift in Sources */,
			);
			runOnlyForDeploymentPostprocessing = 0;
		};
/* End PBXSourcesBuildPhase section */

/* Begin PBXTargetDependency section */
		D57BA0C029D8B5CF00B4A6DA /* PBXTargetDependency */ = {
			isa = PBXTargetDependency;
			target = D57BA0AD29D8B5CE00B4A6DA /* BullseyeGame */;
			targetProxy = D57BA0BF29D8B5CF00B4A6DA /* PBXContainerItemProxy */;
		};
		D57BA0CA29D8B5CF00B4A6DA /* PBXTargetDependency */ = {
			isa = PBXTargetDependency;
			target = D57BA0AD29D8B5CE00B4A6DA /* BullseyeGame */;
			targetProxy = D57BA0C929D8B5CF00B4A6DA /* PBXContainerItemProxy */;
		};
/* End PBXTargetDependency section */

/* Begin XCBuildConfiguration section */
		D57BA0D029D8B5CF00B4A6DA /* Debug */ = {
			isa = XCBuildConfiguration;
			buildSettings = {
				ALWAYS_SEARCH_USER_PATHS = NO;
				CLANG_ANALYZER_NONNULL = YES;
				CLANG_ANALYZER_NUMBER_OBJECT_CONVERSION = YES_AGGRESSIVE;
				CLANG_CXX_LANGUAGE_STANDARD = "gnu++20";
				CLANG_ENABLE_MODULES = YES;
				CLANG_ENABLE_OBJC_ARC = YES;
				CLANG_ENABLE_OBJC_WEAK = YES;
				CLANG_WARN_BLOCK_CAPTURE_AUTORELEASING = YES;
				CLANG_WARN_BOOL_CONVERSION = YES;
				CLANG_WARN_COMMA = YES;
				CLANG_WARN_CONSTANT_CONVERSION = YES;
				CLANG_WARN_DEPRECATED_OBJC_IMPLEMENTATIONS = YES;
				CLANG_WARN_DIRECT_OBJC_ISA_USAGE = YES_ERROR;
				CLANG_WARN_DOCUMENTATION_COMMENTS = YES;
				CLANG_WARN_EMPTY_BODY = YES;
				CLANG_WARN_ENUM_CONVERSION = YES;
				CLANG_WARN_INFINITE_RECURSION = YES;
				CLANG_WARN_INT_CONVERSION = YES;
				CLANG_WARN_NON_LITERAL_NULL_CONVERSION = YES;
				CLANG_WARN_OBJC_IMPLICIT_RETAIN_SELF = YES;
				CLANG_WARN_OBJC_LITERAL_CONVERSION = YES;
				CLANG_WARN_OBJC_ROOT_CLASS = YES_ERROR;
				CLANG_WARN_QUOTED_INCLUDE_IN_FRAMEWORK_HEADER = YES;
				CLANG_WARN_RANGE_LOOP_ANALYSIS = YES;
				CLANG_WARN_STRICT_PROTOTYPES = YES;
				CLANG_WARN_SUSPICIOUS_MOVE = YES;
				CLANG_WARN_UNGUARDED_AVAILABILITY = YES_AGGRESSIVE;
				CLANG_WARN_UNREACHABLE_CODE = YES;
				CLANG_WARN__DUPLICATE_METHOD_MATCH = YES;
				COPY_PHASE_STRIP = NO;
				DEBUG_INFORMATION_FORMAT = dwarf;
				ENABLE_STRICT_OBJC_MSGSEND = YES;
				ENABLE_TESTABILITY = YES;
				GCC_C_LANGUAGE_STANDARD = gnu11;
				GCC_DYNAMIC_NO_PIC = NO;
				GCC_NO_COMMON_BLOCKS = YES;
				GCC_OPTIMIZATION_LEVEL = 0;
				GCC_PREPROCESSOR_DEFINITIONS = (
					"DEBUG=1",
					"$(inherited)",
				);
				GCC_WARN_64_TO_32_BIT_CONVERSION = YES;
				GCC_WARN_ABOUT_RETURN_TYPE = YES_ERROR;
				GCC_WARN_UNDECLARED_SELECTOR = YES;
				GCC_WARN_UNINITIALIZED_AUTOS = YES_AGGRESSIVE;
				GCC_WARN_UNUSED_FUNCTION = YES;
				GCC_WARN_UNUSED_VARIABLE = YES;
				IPHONEOS_DEPLOYMENT_TARGET = 16.2;
				MTL_ENABLE_DEBUG_INFO = INCLUDE_SOURCE;
				MTL_FAST_MATH = YES;
				ONLY_ACTIVE_ARCH = YES;
				SDKROOT = iphoneos;
				SWIFT_ACTIVE_COMPILATION_CONDITIONS = DEBUG;
				SWIFT_OPTIMIZATION_LEVEL = "-Onone";
			};
			name = Debug;
		};
		D57BA0D129D8B5CF00B4A6DA /* Release */ = {
			isa = XCBuildConfiguration;
			buildSettings = {
				ALWAYS_SEARCH_USER_PATHS = NO;
				CLANG_ANALYZER_NONNULL = YES;
				CLANG_ANALYZER_NUMBER_OBJECT_CONVERSION = YES_AGGRESSIVE;
				CLANG_CXX_LANGUAGE_STANDARD = "gnu++20";
				CLANG_ENABLE_MODULES = YES;
				CLANG_ENABLE_OBJC_ARC = YES;
				CLANG_ENABLE_OBJC_WEAK = YES;
				CLANG_WARN_BLOCK_CAPTURE_AUTORELEASING = YES;
				CLANG_WARN_BOOL_CONVERSION = YES;
				CLANG_WARN_COMMA = YES;
				CLANG_WARN_CONSTANT_CONVERSION = YES;
				CLANG_WARN_DEPRECATED_OBJC_IMPLEMENTATIONS = YES;
				CLANG_WARN_DIRECT_OBJC_ISA_USAGE = YES_ERROR;
				CLANG_WARN_DOCUMENTATION_COMMENTS = YES;
				CLANG_WARN_EMPTY_BODY = YES;
				CLANG_WARN_ENUM_CONVERSION = YES;
				CLANG_WARN_INFINITE_RECURSION = YES;
				CLANG_WARN_INT_CONVERSION = YES;
				CLANG_WARN_NON_LITERAL_NULL_CONVERSION = YES;
				CLANG_WARN_OBJC_IMPLICIT_RETAIN_SELF = YES;
				CLANG_WARN_OBJC_LITERAL_CONVERSION = YES;
				CLANG_WARN_OBJC_ROOT_CLASS = YES_ERROR;
				CLANG_WARN_QUOTED_INCLUDE_IN_FRAMEWORK_HEADER = YES;
				CLANG_WARN_RANGE_LOOP_ANALYSIS = YES;
				CLANG_WARN_STRICT_PROTOTYPES = YES;
				CLANG_WARN_SUSPICIOUS_MOVE = YES;
				CLANG_WARN_UNGUARDED_AVAILABILITY = YES_AGGRESSIVE;
				CLANG_WARN_UNREACHABLE_CODE = YES;
				CLANG_WARN__DUPLICATE_METHOD_MATCH = YES;
				COPY_PHASE_STRIP = NO;
				DEBUG_INFORMATION_FORMAT = "dwarf-with-dsym";
				ENABLE_NS_ASSERTIONS = NO;
				ENABLE_STRICT_OBJC_MSGSEND = YES;
				GCC_C_LANGUAGE_STANDARD = gnu11;
				GCC_NO_COMMON_BLOCKS = YES;
				GCC_WARN_64_TO_32_BIT_CONVERSION = YES;
				GCC_WARN_ABOUT_RETURN_TYPE = YES_ERROR;
				GCC_WARN_UNDECLARED_SELECTOR = YES;
				GCC_WARN_UNINITIALIZED_AUTOS = YES_AGGRESSIVE;
				GCC_WARN_UNUSED_FUNCTION = YES;
				GCC_WARN_UNUSED_VARIABLE = YES;
				IPHONEOS_DEPLOYMENT_TARGET = 16.2;
				MTL_ENABLE_DEBUG_INFO = NO;
				MTL_FAST_MATH = YES;
				SDKROOT = iphoneos;
				SWIFT_COMPILATION_MODE = wholemodule;
				SWIFT_OPTIMIZATION_LEVEL = "-O";
				VALIDATE_PRODUCT = YES;
			};
			name = Release;
		};
		D57BA0D329D8B5CF00B4A6DA /* Debug */ = {
			isa = XCBuildConfiguration;
			buildSettings = {
				ASSETCATALOG_COMPILER_APPICON_NAME = AppIcon;
				ASSETCATALOG_COMPILER_GLOBAL_ACCENT_COLOR_NAME = AccentColor;
				CODE_SIGN_STYLE = Automatic;
				CURRENT_PROJECT_VERSION = 1;
				DEVELOPMENT_ASSET_PATHS = "\"BullseyeGame/Preview Content\"";
				ENABLE_PREVIEWS = YES;
				GENERATE_INFOPLIST_FILE = YES;
				INFOPLIST_KEY_UIApplicationSceneManifest_Generation = YES;
				INFOPLIST_KEY_UIApplicationSupportsIndirectInputEvents = YES;
				INFOPLIST_KEY_UILaunchScreen_Generation = YES;
				INFOPLIST_KEY_UISupportedInterfaceOrientations_iPad = "UIInterfaceOrientationPortrait UIInterfaceOrientationPortraitUpsideDown UIInterfaceOrientationLandscapeLeft UIInterfaceOrientationLandscapeRight";
				INFOPLIST_KEY_UISupportedInterfaceOrientations_iPhone = "UIInterfaceOrientationPortrait UIInterfaceOrientationLandscapeLeft UIInterfaceOrientationLandscapeRight";
				LD_RUNPATH_SEARCH_PATHS = (
					"$(inherited)",
					"@executable_path/Frameworks",
				);
				MARKETING_VERSION = 1.0;
				PRODUCT_BUNDLE_IDENTIFIER = com.pedroacevedo.BullseyeGame;
				PRODUCT_NAME = "$(TARGET_NAME)";
				SWIFT_EMIT_LOC_STRINGS = YES;
				SWIFT_VERSION = 5.0;
				TARGETED_DEVICE_FAMILY = "1,2";
			};
			name = Debug;
		};
		D57BA0D429D8B5CF00B4A6DA /* Release */ = {
			isa = XCBuildConfiguration;
			buildSettings = {
				ASSETCATALOG_COMPILER_APPICON_NAME = AppIcon;
				ASSETCATALOG_COMPILER_GLOBAL_ACCENT_COLOR_NAME = AccentColor;
				CODE_SIGN_STYLE = Automatic;
				CURRENT_PROJECT_VERSION = 1;
				DEVELOPMENT_ASSET_PATHS = "\"BullseyeGame/Preview Content\"";
				ENABLE_PREVIEWS = YES;
				GENERATE_INFOPLIST_FILE = YES;
				INFOPLIST_KEY_UIApplicationSceneManifest_Generation = YES;
				INFOPLIST_KEY_UIApplicationSupportsIndirectInputEvents = YES;
				INFOPLIST_KEY_UILaunchScreen_Generation = YES;
				INFOPLIST_KEY_UISupportedInterfaceOrientations_iPad = "UIInterfaceOrientationPortrait UIInterfaceOrientationPortraitUpsideDown UIInterfaceOrientationLandscapeLeft UIInterfaceOrientationLandscapeRight";
				INFOPLIST_KEY_UISupportedInterfaceOrientations_iPhone = "UIInterfaceOrientationPortrait UIInterfaceOrientationLandscapeLeft UIInterfaceOrientationLandscapeRight";
				LD_RUNPATH_SEARCH_PATHS = (
					"$(inherited)",
					"@executable_path/Frameworks",
				);
				MARKETING_VERSION = 1.0;
				PRODUCT_BUNDLE_IDENTIFIER = com.pedroacevedo.BullseyeGame;
				PRODUCT_NAME = "$(TARGET_NAME)";
				SWIFT_EMIT_LOC_STRINGS = YES;
				SWIFT_VERSION = 5.0;
				TARGETED_DEVICE_FAMILY = "1,2";
			};
			name = Release;
		};
		D57BA0D629D8B5CF00B4A6DA /* Debug */ = {
			isa = XCBuildConfiguration;
			buildSettings = {
				ALWAYS_EMBED_SWIFT_STANDARD_LIBRARIES = YES;
				BUNDLE_LOADER = "$(TEST_HOST)";
				CODE_SIGN_STYLE = Automatic;
				CURRENT_PROJECT_VERSION = 1;
				GENERATE_INFOPLIST_FILE = YES;
				IPHONEOS_DEPLOYMENT_TARGET = 16.2;
				MARKETING_VERSION = 1.0;
				PRODUCT_BUNDLE_IDENTIFIER = com.pedroacevedo.BullseyeGameTests;
				PRODUCT_NAME = "$(TARGET_NAME)";
				SWIFT_EMIT_LOC_STRINGS = NO;
				SWIFT_VERSION = 5.0;
				TARGETED_DEVICE_FAMILY = "1,2";
				TEST_HOST = "$(BUILT_PRODUCTS_DIR)/BullseyeGame.app/$(BUNDLE_EXECUTABLE_FOLDER_PATH)/BullseyeGame";
			};
			name = Debug;
		};
		D57BA0D729D8B5CF00B4A6DA /* Release */ = {
			isa = XCBuildConfiguration;
			buildSettings = {
				ALWAYS_EMBED_SWIFT_STANDARD_LIBRARIES = YES;
				BUNDLE_LOADER = "$(TEST_HOST)";
				CODE_SIGN_STYLE = Automatic;
				CURRENT_PROJECT_VERSION = 1;
				GENERATE_INFOPLIST_FILE = YES;
				IPHONEOS_DEPLOYMENT_TARGET = 16.2;
				MARKETING_VERSION = 1.0;
				PRODUCT_BUNDLE_IDENTIFIER = com.pedroacevedo.BullseyeGameTests;
				PRODUCT_NAME = "$(TARGET_NAME)";
				SWIFT_EMIT_LOC_STRINGS = NO;
				SWIFT_VERSION = 5.0;
				TARGETED_DEVICE_FAMILY = "1,2";
				TEST_HOST = "$(BUILT_PRODUCTS_DIR)/BullseyeGame.app/$(BUNDLE_EXECUTABLE_FOLDER_PATH)/BullseyeGame";
			};
			name = Release;
		};
		D57BA0D929D8B5CF00B4A6DA /* Debug */ = {
			isa = XCBuildConfiguration;
			buildSettings = {
				ALWAYS_EMBED_SWIFT_STANDARD_LIBRARIES = YES;
				CODE_SIGN_STYLE = Automatic;
				CURRENT_PROJECT_VERSION = 1;
				GENERATE_INFOPLIST_FILE = YES;
				MARKETING_VERSION = 1.0;
				PRODUCT_BUNDLE_IDENTIFIER = com.pedroacevedo.BullseyeGameUITests;
				PRODUCT_NAME = "$(TARGET_NAME)";
				SWIFT_EMIT_LOC_STRINGS = NO;
				SWIFT_VERSION = 5.0;
				TARGETED_DEVICE_FAMILY = "1,2";
				TEST_TARGET_NAME = BullseyeGame;
			};
			name = Debug;
		};
		D57BA0DA29D8B5CF00B4A6DA /* Release */ = {
			isa = XCBuildConfiguration;
			buildSettings = {
				ALWAYS_EMBED_SWIFT_STANDARD_LIBRARIES = YES;
				CODE_SIGN_STYLE = Automatic;
				CURRENT_PROJECT_VERSION = 1;
				GENERATE_INFOPLIST_FILE = YES;
				MARKETING_VERSION = 1.0;
				PRODUCT_BUNDLE_IDENTIFIER = com.pedroacevedo.BullseyeGameUITests;
				PRODUCT_NAME = "$(TARGET_NAME)";
				SWIFT_EMIT_LOC_STRINGS = NO;
				SWIFT_VERSION = 5.0;
				TARGETED_DEVICE_FAMILY = "1,2";
				TEST_TARGET_NAME = BullseyeGame;
			};
			name = Release;
		};
/* End XCBuildConfiguration section */

/* Begin XCConfigurationList section */
		D57BA0A929D8B5CE00B4A6DA /* Build configuration list for PBXProject "BullseyeGame" */ = {
			isa = XCConfigurationList;
			buildConfigurations = (
				D57BA0D029D8B5CF00B4A6DA /* Debug */,
				D57BA0D129D8B5CF00B4A6DA /* Release */,
			);
			defaultConfigurationIsVisible = 0;
			defaultConfigurationName = Release;
		};
		D57BA0D229D8B5CF00B4A6DA /* Build configuration list for PBXNativeTarget "BullseyeGame" */ = {
			isa = XCConfigurationList;
			buildConfigurations = (
				D57BA0D329D8B5CF00B4A6DA /* Debug */,
				D57BA0D429D8B5CF00B4A6DA /* Release */,
			);
			defaultConfigurationIsVisible = 0;
			defaultConfigurationName = Release;
		};
		D57BA0D529D8B5CF00B4A6DA /* Build configuration list for PBXNativeTarget "BullseyeGameTests" */ = {
			isa = XCConfigurationList;
			buildConfigurations = (
				D57BA0D629D8B5CF00B4A6DA /* Debug */,
				D57BA0D729D8B5CF00B4A6DA /* Release */,
			);
			defaultConfigurationIsVisible = 0;
			defaultConfigurationName = Release;
		};
		D57BA0D829D8B5CF00B4A6DA /* Build configuration list for PBXNativeTarget "BullseyeGameUITests" */ = {
			isa = XCConfigurationList;
			buildConfigurations = (
				D57BA0D929D8B5CF00B4A6DA /* Debug */,
				D57BA0DA29D8B5CF00B4A6DA /* Release */,
			);
			defaultConfigurationIsVisible = 0;
			defaultConfigurationName = Release;
		};
/* End XCConfigurationList section */
	};
	rootObject = D57BA0A629D8B5CE00B4A6DA /* Project object */;
}
